
Microsoft Visual Studio Solution File, Format Version 12.00
# Visual Studio Version 17
VisualStudioVersion = 17.8.34601.278
MinimumVisualStudioVersion = 10.0.40219.1
Project("{FAE04EC0-301F-11D3-BF4B-00C04F79EFBC}") = "ConsoleApp3", "ConsoleApp3\ConsoleApp3.csproj", "{7ABC96F7-D993-4FE7-97E7-987745D33373}"
EndProject
Global
	GlobalSection(SolutionConfigurationPlatforms) = preSolution
		Debug|Any CPU = Debug|Any CPU
		Release|Any CPU = Release|Any CPU
	EndGlobalSection
	GlobalSection(ProjectConfigurationPlatforms) = postSolution
		{7ABC96F7-D993-4FE7-97E7-987745D33373}.Debug|Any CPU.ActiveCfg = Debug|Any CPU
		{7ABC96F7-D993-4FE7-97E7-987745D33373}.Debug|Any CPU.Build.0 = Debug|Any CPU
		{7ABC96F7-D993-4FE7-97E7-987745D33373}.Release|Any CPU.ActiveCfg = Release|Any CPU
		{7ABC96F7-D993-4FE7-97E7-987745D33373}.Release|Any CPU.Build.0 = Release|Any CPU
	EndGlobalSection
	GlobalSection(SolutionProperties) = preSolution
		HideSolutionNode = FALSE
	EndGlobalSection
	GlobalSection(ExtensibilityGlobals) = postSolution
		SolutionGuid = {500C5DED-467C-4C41-ADA5-17CB28AF19B5}
	EndGlobalSection
EndGlobal
